
Microsoft Visual Studio Solution File, Format Version 12.00
# Visual Studio Version 17
VisualStudioVersion = 17.4.33403.182
MinimumVisualStudioVersion = 10.0.40219.1
Project("{FAE04EC0-301F-11D3-BF4B-00C04F79EFBC}") = "NewsAPI", "NewsAPI\NewsAPI.csproj", "{88069C01-8DD7-4E9D-A664-DDB31002C918}"
EndProject
Global
	GlobalSection(SolutionConfigurationPlatforms) = preSolution
		Debug|Any CPU = Debug|Any CPU
		Release|Any CPU = Release|Any CPU
	EndGlobalSection
	GlobalSection(ProjectConfigurationPlatforms) = postSolution
		{88069C01-8DD7-4E9D-A664-DDB31002C918}.Debug|Any CPU.ActiveCfg = Debug|Any CPU
		{88069C01-8DD7-4E9D-A664-DDB31002C918}.Debug|Any CPU.Build.0 = Debug|Any CPU
		{88069C01-8DD7-4E9D-A664-DDB31002C918}.Release|Any CPU.ActiveCfg = Release|Any CPU
		{88069C01-8DD7-4E9D-A664-DDB31002C918}.Release|Any CPU.Build.0 = Release|Any CPU
	EndGlobalSection
	GlobalSection(SolutionProperties) = preSolution
		HideSolutionNode = FALSE
	EndGlobalSection
	GlobalSection(ExtensibilityGlobals) = postSolution
		SolutionGuid = {EE3776C3-685E-4971-A437-B78FA9AE474E}
	EndGlobalSection
EndGlobal
